
Microsoft Visual Studio Solution File, Format Version 12.00
# Visual Studio 15
Project("{FAE04EC0-301F-11D3-BF4B-00C04F79EFBC}") = "MyRESTService", "MyRESTService\MyRESTService.csproj", "{2A38EFF5-0D52-467C-B2D6-96C6117AC0E7}"
EndProject
Project("{FAE04EC0-301F-11D3-BF4B-00C04F79EFBC}") = "CryptoTools", "..\..\csharp\mylibs\CryptoTools\CryptoTools.csproj", "{3C26C2AB-C484-4896-8DEC-455F12987F8D}"
EndProject
Global
	GlobalSection(SolutionConfigurationPlatforms) = preSolution
		Debug|Any CPU = Debug|Any CPU
		Release|Any CPU = Release|Any CPU
	EndGlobalSection
	GlobalSection(ProjectConfigurationPlatforms) = postSolution
		{2A38EFF5-0D52-467C-B2D6-96C6117AC0E7}.Debug|Any CPU.ActiveCfg = Debug|Any CPU
		{2A38EFF5-0D52-467C-B2D6-96C6117AC0E7}.Debug|Any CPU.Build.0 = Debug|Any CPU
		{2A38EFF5-0D52-467C-B2D6-96C6117AC0E7}.Release|Any CPU.ActiveCfg = Release|Any CPU
		{2A38EFF5-0D52-467C-B2D6-96C6117AC0E7}.Release|Any CPU.Build.0 = Release|Any CPU
		{3C26C2AB-C484-4896-8DEC-455F12987F8D}.Debug|Any CPU.ActiveCfg = Debug|Any CPU
		{3C26C2AB-C484-4896-8DEC-455F12987F8D}.Debug|Any CPU.Build.0 = Debug|Any CPU
		{3C26C2AB-C484-4896-8DEC-455F12987F8D}.Release|Any CPU.ActiveCfg = Release|Any CPU
		{3C26C2AB-C484-4896-8DEC-455F12987F8D}.Release|Any CPU.Build.0 = Release|Any CPU
	EndGlobalSection
EndGlobal
