
Microsoft Visual Studio Solution File, Format Version 12.00
# Visual Studio 15
Project("{FAE04EC0-301F-11D3-BF4B-00C04F79EFBC}") = "MvcMovie", "MvcMovie\MvcMovie.csproj", "{A3E9182B-4033-484C-8836-CC6469ADF061}"
EndProject
Global
	GlobalSection(SolutionConfigurationPlatforms) = preSolution
		Debug|Any CPU = Debug|Any CPU
		Release|Any CPU = Release|Any CPU
	EndGlobalSection
	GlobalSection(ProjectConfigurationPlatforms) = postSolution
		{A3E9182B-4033-484C-8836-CC6469ADF061}.Debug|Any CPU.ActiveCfg = Debug|Any CPU
		{A3E9182B-4033-484C-8836-CC6469ADF061}.Debug|Any CPU.Build.0 = Debug|Any CPU
		{A3E9182B-4033-484C-8836-CC6469ADF061}.Release|Any CPU.ActiveCfg = Release|Any CPU
		{A3E9182B-4033-484C-8836-CC6469ADF061}.Release|Any CPU.Build.0 = Release|Any CPU
	EndGlobalSection
EndGlobal
